
Microsoft Visual Studio Solution File, Format Version 10.00
# Visual C# Express 2008
Project("{FAE04EC0-301F-11D3-BF4B-00C04F79EFBC}") = "EncounterCodeGenerator", "EncounterCodeGenerator\EncounterCodeGenerator.csproj", "{220D64CC-0A3C-4E3C-AC96-30C12E4E31C3}"
EndProject
Global
	GlobalSection(SolutionConfigurationPlatforms) = preSolution
		Debug|Any CPU = Debug|Any CPU
		Release|Any CPU = Release|Any CPU
	EndGlobalSection
	GlobalSection(ProjectConfigurationPlatforms) = postSolution
		{220D64CC-0A3C-4E3C-AC96-30C12E4E31C3}.Debug|Any CPU.ActiveCfg = Debug|Any CPU
		{220D64CC-0A3C-4E3C-AC96-30C12E4E31C3}.Debug|Any CPU.Build.0 = Debug|Any CPU
		{220D64CC-0A3C-4E3C-AC96-30C12E4E31C3}.Release|Any CPU.ActiveCfg = Release|Any CPU
		{220D64CC-0A3C-4E3C-AC96-30C12E4E31C3}.Release|Any CPU.Build.0 = Release|Any CPU
	EndGlobalSection
	GlobalSection(SolutionProperties) = preSolution
		HideSolutionNode = FALSE
	EndGlobalSection
EndGlobal
